// !$*UTF8*$!
{
	archiveVersion = 1;
	classes = {
	};
	objectVersion = 46;
	objects = {

/* Begin PBXBuildFile section */
		19AC4A02C5B0A518EA84DE43 /* Pods_favorites_demoTests.framework in Frameworks */ = {isa = PBXBuildFile; fileRef = F38426E30722FBC2A33BFFC0 /* Pods_favorites_demoTests.framework */; };
		3867E79F1F57622700B10B42 /* FavoriteItemViewCell.swift in Sources */ = {isa = PBXBuildFile; fileRef = 3867E79D1F57622700B10B42 /* FavoriteItemViewCell.swift */; };
		3867E7A01F57622700B10B42 /* FavoriteItemViewCell.xib in Resources */ = {isa = PBXBuildFile; fileRef = 3867E79E1F57622700B10B42 /* FavoriteItemViewCell.xib */; };
		3867E7A31F57658600B10B42 /* CollectionItemViewCell.swift in Sources */ = {isa = PBXBuildFile; fileRef = 3867E7A11F57658600B10B42 /* CollectionItemViewCell.swift */; };
		3867E7A41F57658600B10B42 /* CollectionItemViewCell.xib in Resources */ = {isa = PBXBuildFile; fileRef = 3867E7A21F57658600B10B42 /* CollectionItemViewCell.xib */; };
		38DE785C1F5758D600F33AC7 /* AppDelegate.swift in Sources */ = {isa = PBXBuildFile; fileRef = 38DE785B1F5758D600F33AC7 /* AppDelegate.swift */; };
		38DE78631F5758D600F33AC7 /* Assets.xcassets in Resources */ = {isa = PBXBuildFile; fileRef = 38DE78621F5758D600F33AC7 /* Assets.xcassets */; };
		38DE78661F5758D600F33AC7 /* LaunchScreen.storyboard in Resources */ = {isa = PBXBuildFile; fileRef = 38DE78641F5758D600F33AC7 /* LaunchScreen.storyboard */; };
		38DE78711F5758D600F33AC7 /* favorites_demoTests.swift in Sources */ = {isa = PBXBuildFile; fileRef = 38DE78701F5758D600F33AC7 /* favorites_demoTests.swift */; };
		38DE787D1F57591000F33AC7 /* FavoritesViewController.swift in Sources */ = {isa = PBXBuildFile; fileRef = 38DE787B1F57591000F33AC7 /* FavoritesViewController.swift */; };
		38DE787E1F57591000F33AC7 /* FavoritesViewController.xib in Resources */ = {isa = PBXBuildFile; fileRef = 38DE787C1F57591000F33AC7 /* FavoritesViewController.xib */; };
		524CFCF61F58E48F00FA2586 /* FavoriteSection.swift in Sources */ = {isa = PBXBuildFile; fileRef = 524CFCF51F58E48F00FA2586 /* FavoriteSection.swift */; };
		524CFCFA1F590DBC00FA2586 /* FavoriteSectionsService.swift in Sources */ = {isa = PBXBuildFile; fileRef = 524CFCF91F590DBC00FA2586 /* FavoriteSectionsService.swift */; };
		52FDF2BB1F5B70B90068335E /* SessionManager.swift in Sources */ = {isa = PBXBuildFile; fileRef = 52FDF2BA1F5B70B90068335E /* SessionManager.swift */; };
		52FDF2BF1F5B7AF90068335E /* SplashViewController.swift in Sources */ = {isa = PBXBuildFile; fileRef = 52FDF2BD1F5B7AF90068335E /* SplashViewController.swift */; };
		52FDF2C01F5B7AF90068335E /* SplashViewController.xib in Resources */ = {isa = PBXBuildFile; fileRef = 52FDF2BE1F5B7AF90068335E /* SplashViewController.xib */; };
		52FDF2C31F5B91C40068335E /* FavoritesViewAdapter.swift in Sources */ = {isa = PBXBuildFile; fileRef = 52FDF2C21F5B91C40068335E /* FavoritesViewAdapter.swift */; };
		8CBCD2802BDDD7F318B305E1 /* Pods_favorites_demo.framework in Frameworks */ = {isa = PBXBuildFile; fileRef = 486EBFAFD36F96CA31F0D580 /* Pods_favorites_demo.framework */; };
/* End PBXBuildFile section */

/* Begin PBXContainerItemProxy section */
		38DE786D1F5758D600F33AC7 /* PBXContainerItemProxy */ = {
			isa = PBXContainerItemProxy;
			containerPortal = 38DE78501F5758D600F33AC7 /* Project object */;
			proxyType = 1;
			remoteGlobalIDString = 38DE78571F5758D600F33AC7;
			remoteInfo = "favorites-demo";
		};
/* End PBXContainerItemProxy section */

/* Begin PBXFileReference section */
		1BF523246C0790B4528B7E67 /* Pods-favorites-demoTests.release.xcconfig */ = {isa = PBXFileReference; includeInIndex = 1; lastKnownFileType = text.xcconfig; name = "Pods-favorites-demoTests.release.xcconfig"; path = "Pods/Target Support Files/Pods-favorites-demoTests/Pods-favorites-demoTests.release.xcconfig"; sourceTree = "<group>"; };
		3867E79D1F57622700B10B42 /* FavoriteItemViewCell.swift */ = {isa = PBXFileReference; fileEncoding = 4; lastKnownFileType = sourcecode.swift; name = FavoriteItemViewCell.swift; path = sections/favorites/FavoriteItemViewCell.swift; sourceTree = "<group>"; };
		3867E79E1F57622700B10B42 /* FavoriteItemViewCell.xib */ = {isa = PBXFileReference; fileEncoding = 4; lastKnownFileType = file.xib; name = FavoriteItemViewCell.xib; path = sections/favorites/FavoriteItemViewCell.xib; sourceTree = "<group>"; };
		3867E7A11F57658600B10B42 /* CollectionItemViewCell.swift */ = {isa = PBXFileReference; fileEncoding = 4; lastKnownFileType = sourcecode.swift; name = CollectionItemViewCell.swift; path = sections/favorites/CollectionItemViewCell.swift; sourceTree = "<group>"; };
		3867E7A21F57658600B10B42 /* CollectionItemViewCell.xib */ = {isa = PBXFileReference; fileEncoding = 4; lastKnownFileType = file.xib; name = CollectionItemViewCell.xib; path = sections/favorites/CollectionItemViewCell.xib; sourceTree = "<group>"; };
		38DE78581F5758D600F33AC7 /* favorites-demo.app */ = {isa = PBXFileReference; explicitFileType = wrapper.application; includeInIndex = 0; path = "favorites-demo.app"; sourceTree = BUILT_PRODUCTS_DIR; };
		38DE785B1F5758D600F33AC7 /* AppDelegate.swift */ = {isa = PBXFileReference; lastKnownFileType = sourcecode.swift; path = AppDelegate.swift; sourceTree = "<group>"; };
		38DE78621F5758D600F33AC7 /* Assets.xcassets */ = {isa = PBXFileReference; lastKnownFileType = folder.assetcatalog; path = Assets.xcassets; sourceTree = "<group>"; };
		38DE78651F5758D600F33AC7 /* Base */ = {isa = PBXFileReference; lastKnownFileType = file.storyboard; name = Base; path = Base.lproj/LaunchScreen.storyboard; sourceTree = "<group>"; };
		38DE78671F5758D600F33AC7 /* Info.plist */ = {isa = PBXFileReference; lastKnownFileType = text.plist.xml; path = Info.plist; sourceTree = "<group>"; };
		38DE786C1F5758D600F33AC7 /* favorites-demoTests.xctest */ = {isa = PBXFileReference; explicitFileType = wrapper.cfbundle; includeInIndex = 0; path = "favorites-demoTests.xctest"; sourceTree = BUILT_PRODUCTS_DIR; };
		38DE78701F5758D600F33AC7 /* favorites_demoTests.swift */ = {isa = PBXFileReference; lastKnownFileType = sourcecode.swift; path = favorites_demoTests.swift; sourceTree = "<group>"; };
		38DE78721F5758D600F33AC7 /* Info.plist */ = {isa = PBXFileReference; lastKnownFileType = text.plist.xml; path = Info.plist; sourceTree = "<group>"; };
		38DE787B1F57591000F33AC7 /* FavoritesViewController.swift */ = {isa = PBXFileReference; fileEncoding = 4; lastKnownFileType = sourcecode.swift; name = FavoritesViewController.swift; path = sections/favorites/FavoritesViewController.swift; sourceTree = "<group>"; };
		38DE787C1F57591000F33AC7 /* FavoritesViewController.xib */ = {isa = PBXFileReference; fileEncoding = 4; lastKnownFileType = file.xib; name = FavoritesViewController.xib; path = sections/favorites/FavoritesViewController.xib; sourceTree = "<group>"; };
		486EBFAFD36F96CA31F0D580 /* Pods_favorites_demo.framework */ = {isa = PBXFileReference; explicitFileType = wrapper.framework; includeInIndex = 0; path = Pods_favorites_demo.framework; sourceTree = BUILT_PRODUCTS_DIR; };
		524CFCF51F58E48F00FA2586 /* FavoriteSection.swift */ = {isa = PBXFileReference; fileEncoding = 4; lastKnownFileType = sourcecode.swift; name = FavoriteSection.swift; path = models/FavoriteSection.swift; sourceTree = "<group>"; };
		524CFCF91F590DBC00FA2586 /* FavoriteSectionsService.swift */ = {isa = PBXFileReference; fileEncoding = 4; lastKnownFileType = sourcecode.swift; name = FavoriteSectionsService.swift; path = resources/services/FavoriteSectionsService.swift; sourceTree = "<group>"; };
		52FDF2BA1F5B70B90068335E /* SessionManager.swift */ = {isa = PBXFileReference; fileEncoding = 4; lastKnownFileType = sourcecode.swift; name = SessionManager.swift; path = resources/managers/SessionManager.swift; sourceTree = "<group>"; };
		52FDF2BD1F5B7AF90068335E /* SplashViewController.swift */ = {isa = PBXFileReference; fileEncoding = 4; lastKnownFileType = sourcecode.swift; name = SplashViewController.swift; path = sections/splashScreen/SplashViewController.swift; sourceTree = "<group>"; };
		52FDF2BE1F5B7AF90068335E /* SplashViewController.xib */ = {isa = PBXFileReference; fileEncoding = 4; lastKnownFileType = file.xib; name = SplashViewController.xib; path = sections/splashScreen/SplashViewController.xib; sourceTree = "<group>"; };
		52FDF2C21F5B91C40068335E /* FavoritesViewAdapter.swift */ = {isa = PBXFileReference; fileEncoding = 4; lastKnownFileType = sourcecode.swift; name = FavoritesViewAdapter.swift; path = resources/adapters/FavoritesViewAdapter.swift; sourceTree = "<group>"; };
		826B80D60DD375AC6996D906 /* Pods-favorites-demo.release.xcconfig */ = {isa = PBXFileReference; includeInIndex = 1; lastKnownFileType = text.xcconfig; name = "Pods-favorites-demo.release.xcconfig"; path = "Pods/Target Support Files/Pods-favorites-demo/Pods-favorites-demo.release.xcconfig"; sourceTree = "<group>"; };
		9C8ED84F426865C80B4493C1 /* Pods-favorites-demo.debug.xcconfig */ = {isa = PBXFileReference; includeInIndex = 1; lastKnownFileType = text.xcconfig; name = "Pods-favorites-demo.debug.xcconfig"; path = "Pods/Target Support Files/Pods-favorites-demo/Pods-favorites-demo.debug.xcconfig"; sourceTree = "<group>"; };
		EE50C32FCA7684B31ABCFEE8 /* Pods-favorites-demoTests.debug.xcconfig */ = {isa = PBXFileReference; includeInIndex = 1; lastKnownFileType = text.xcconfig; name = "Pods-favorites-demoTests.debug.xcconfig"; path = "Pods/Target Support Files/Pods-favorites-demoTests/Pods-favorites-demoTests.debug.xcconfig"; sourceTree = "<group>"; };
		F38426E30722FBC2A33BFFC0 /* Pods_favorites_demoTests.framework */ = {isa = PBXFileReference; explicitFileType = wrapper.framework; includeInIndex = 0; path = Pods_favorites_demoTests.framework; sourceTree = BUILT_PRODUCTS_DIR; };
/* End PBXFileReference section */

/* Begin PBXFrameworksBuildPhase section */
		38DE78551F5758D600F33AC7 /* Frameworks */ = {
			isa = PBXFrameworksBuildPhase;
			buildActionMask = 2147483647;
			files = (
				8CBCD2802BDDD7F318B305E1 /* Pods_favorites_demo.framework in Frameworks */,
			);
			runOnlyForDeploymentPostprocessing = 0;
		};
		38DE78691F5758D600F33AC7 /* Frameworks */ = {
			isa = PBXFrameworksBuildPhase;
			buildActionMask = 2147483647;
			files = (
				19AC4A02C5B0A518EA84DE43 /* Pods_favorites_demoTests.framework in Frameworks */,
			);
			runOnlyForDeploymentPostprocessing = 0;
		};
/* End PBXFrameworksBuildPhase section */

/* Begin PBXGroup section */
		33CB84B1ECEC1BE0EE9B5268 /* Pods */ = {
			isa = PBXGroup;
			children = (
				9C8ED84F426865C80B4493C1 /* Pods-favorites-demo.debug.xcconfig */,
				826B80D60DD375AC6996D906 /* Pods-favorites-demo.release.xcconfig */,
				EE50C32FCA7684B31ABCFEE8 /* Pods-favorites-demoTests.debug.xcconfig */,
				1BF523246C0790B4528B7E67 /* Pods-favorites-demoTests.release.xcconfig */,
			);
			name = Pods;
			sourceTree = "<group>";
		};
		3867E79B1F5761D600B10B42 /* models */ = {
			isa = PBXGroup;
			children = (
				524CFCF51F58E48F00FA2586 /* FavoriteSection.swift */,
			);
			name = models;
			sourceTree = "<group>";
		};
		3867E79C1F5761F200B10B42 /* presenters */ = {
			isa = PBXGroup;
			children = (
			);
			name = presenters;
			sourceTree = "<group>";
		};
		38DE784F1F5758D600F33AC7 = {
			isa = PBXGroup;
			children = (
				38DE785A1F5758D600F33AC7 /* favorites-demo */,
				38DE786F1F5758D600F33AC7 /* favorites-demoTests */,
				38DE78591F5758D600F33AC7 /* Products */,
				33CB84B1ECEC1BE0EE9B5268 /* Pods */,
				DDABAAE7C62C9E7F002CD9DA /* Frameworks */,
			);
			sourceTree = "<group>";
		};
		38DE78591F5758D600F33AC7 /* Products */ = {
			isa = PBXGroup;
			children = (
				38DE78581F5758D600F33AC7 /* favorites-demo.app */,
				38DE786C1F5758D600F33AC7 /* favorites-demoTests.xctest */,
			);
			name = Products;
			sourceTree = "<group>";
		};
		38DE785A1F5758D600F33AC7 /* favorites-demo */ = {
			isa = PBXGroup;
			children = (
				524CFCF71F590B4B00FA2586 /* resources */,
				3867E79C1F5761F200B10B42 /* presenters */,
				3867E79B1F5761D600B10B42 /* models */,
				38DE787F1F57591700F33AC7 /* sections */,
				38DE785B1F5758D600F33AC7 /* AppDelegate.swift */,
				38DE78621F5758D600F33AC7 /* Assets.xcassets */,
				38DE78641F5758D600F33AC7 /* LaunchScreen.storyboard */,
				38DE78671F5758D600F33AC7 /* Info.plist */,
			);
			path = "favorites-demo";
			sourceTree = "<group>";
		};
		38DE786F1F5758D600F33AC7 /* favorites-demoTests */ = {
			isa = PBXGroup;
			children = (
				38DE78701F5758D600F33AC7 /* favorites_demoTests.swift */,
				38DE78721F5758D600F33AC7 /* Info.plist */,
			);
			path = "favorites-demoTests";
			sourceTree = "<group>";
		};
		38DE787F1F57591700F33AC7 /* sections */ = {
			isa = PBXGroup;
			children = (
				52FDF2BC1F5B7AB50068335E /* splashScreen */,
				38DE78801F57592300F33AC7 /* favorites */,
			);
			name = sections;
			sourceTree = "<group>";
		};
		38DE78801F57592300F33AC7 /* favorites */ = {
			isa = PBXGroup;
			children = (
				38DE787B1F57591000F33AC7 /* FavoritesViewController.swift */,
				38DE787C1F57591000F33AC7 /* FavoritesViewController.xib */,
				3867E79D1F57622700B10B42 /* FavoriteItemViewCell.swift */,
				3867E79E1F57622700B10B42 /* FavoriteItemViewCell.xib */,
				3867E7A11F57658600B10B42 /* CollectionItemViewCell.swift */,
				3867E7A21F57658600B10B42 /* CollectionItemViewCell.xib */,
			);
			name = favorites;
			sourceTree = "<group>";
		};
		524CFCF71F590B4B00FA2586 /* resources */ = {
			isa = PBXGroup;
			children = (
				52FDF2C41F5B948C0068335E /* protocols */,
				52FDF2C11F5B917C0068335E /* adapters */,
				52FDF2B91F5B70950068335E /* managers */,
				524CFCF81F590BEF00FA2586 /* services */,
			);
			name = resources;
			sourceTree = "<group>";
		};
		524CFCF81F590BEF00FA2586 /* services */ = {
			isa = PBXGroup;
			children = (
				524CFCF91F590DBC00FA2586 /* FavoriteSectionsService.swift */,
			);
			name = services;
			sourceTree = "<group>";
		};
		52FDF2B91F5B70950068335E /* managers */ = {
			isa = PBXGroup;
			children = (
				52FDF2BA1F5B70B90068335E /* SessionManager.swift */,
			);
			name = managers;
			sourceTree = "<group>";
		};
		52FDF2BC1F5B7AB50068335E /* splashScreen */ = {
			isa = PBXGroup;
			children = (
				52FDF2BD1F5B7AF90068335E /* SplashViewController.swift */,
				52FDF2BE1F5B7AF90068335E /* SplashViewController.xib */,
			);
			name = splashScreen;
			sourceTree = "<group>";
		};
		52FDF2C11F5B917C0068335E /* adapters */ = {
			isa = PBXGroup;
			children = (
				52FDF2C21F5B91C40068335E /* FavoritesViewAdapter.swift */,
			);
			name = adapters;
			sourceTree = "<group>";
		};
		52FDF2C41F5B948C0068335E /* protocols */ = {
			isa = PBXGroup;
			children = (
			);
			name = protocols;
			sourceTree = "<group>";
		};
		DDABAAE7C62C9E7F002CD9DA /* Frameworks */ = {
			isa = PBXGroup;
			children = (
				486EBFAFD36F96CA31F0D580 /* Pods_favorites_demo.framework */,
				F38426E30722FBC2A33BFFC0 /* Pods_favorites_demoTests.framework */,
			);
			name = Frameworks;
			sourceTree = "<group>";
		};
/* End PBXGroup section */

/* Begin PBXNativeTarget section */
		38DE78571F5758D600F33AC7 /* favorites-demo */ = {
			isa = PBXNativeTarget;
			buildConfigurationList = 38DE78751F5758D600F33AC7 /* Build configuration list for PBXNativeTarget "favorites-demo" */;
			buildPhases = (
				6F0B69280E775D1AF43FE45E /* [CP] Check Pods Manifest.lock */,
				38DE78541F5758D600F33AC7 /* Sources */,
				38DE78551F5758D600F33AC7 /* Frameworks */,
				38DE78561F5758D600F33AC7 /* Resources */,
				270574465A6440717DA8B4AD /* [CP] Embed Pods Frameworks */,
				953BFACD9FD923D506C374F6 /* [CP] Copy Pods Resources */,
			);
			buildRules = (
			);
			dependencies = (
			);
			name = "favorites-demo";
			productName = "favorites-demo";
			productReference = 38DE78581F5758D600F33AC7 /* favorites-demo.app */;
			productType = "com.apple.product-type.application";
		};
		38DE786B1F5758D600F33AC7 /* favorites-demoTests */ = {
			isa = PBXNativeTarget;
			buildConfigurationList = 38DE78781F5758D600F33AC7 /* Build configuration list for PBXNativeTarget "favorites-demoTests" */;
			buildPhases = (
				73B5DBB69324AF2E3A28AB86 /* [CP] Check Pods Manifest.lock */,
				38DE78681F5758D600F33AC7 /* Sources */,
				38DE78691F5758D600F33AC7 /* Frameworks */,
				38DE786A1F5758D600F33AC7 /* Resources */,
				93A1310D10A318FFB2E77F45 /* [CP] Embed Pods Frameworks */,
				999F554B5713DED2DC93217E /* [CP] Copy Pods Resources */,
			);
			buildRules = (
			);
			dependencies = (
				38DE786E1F5758D600F33AC7 /* PBXTargetDependency */,
			);
			name = "favorites-demoTests";
			productName = "favorites-demoTests";
			productReference = 38DE786C1F5758D600F33AC7 /* favorites-demoTests.xctest */;
			productType = "com.apple.product-type.bundle.unit-test";
		};
/* End PBXNativeTarget section */

/* Begin PBXProject section */
		38DE78501F5758D600F33AC7 /* Project object */ = {
			isa = PBXProject;
			attributes = {
				LastSwiftUpdateCheck = 0830;
				LastUpgradeCheck = 0830;
				ORGANIZATIONNAME = fx;
				TargetAttributes = {
					38DE78571F5758D600F33AC7 = {
						CreatedOnToolsVersion = 8.3.1;
						ProvisioningStyle = Automatic;
					};
					38DE786B1F5758D600F33AC7 = {
						CreatedOnToolsVersion = 8.3.1;
						ProvisioningStyle = Automatic;
						TestTargetID = 38DE78571F5758D600F33AC7;
					};
				};
			};
			buildConfigurationList = 38DE78531F5758D600F33AC7 /* Build configuration list for PBXProject "favorites-demo" */;
			compatibilityVersion = "Xcode 3.2";
			developmentRegion = English;
			hasScannedForEncodings = 0;
			knownRegions = (
				en,
				Base,
			);
			mainGroup = 38DE784F1F5758D600F33AC7;
			productRefGroup = 38DE78591F5758D600F33AC7 /* Products */;
			projectDirPath = "";
			projectRoot = "";
			targets = (
				38DE78571F5758D600F33AC7 /* favorites-demo */,
				38DE786B1F5758D600F33AC7 /* favorites-demoTests */,
			);
		};
/* End PBXProject section */

/* Begin PBXResourcesBuildPhase section */
		38DE78561F5758D600F33AC7 /* Resources */ = {
			isa = PBXResourcesBuildPhase;
			buildActionMask = 2147483647;
			files = (
				38DE78661F5758D600F33AC7 /* LaunchScreen.storyboard in Resources */,
				52FDF2C01F5B7AF90068335E /* SplashViewController.xib in Resources */,
				38DE787E1F57591000F33AC7 /* FavoritesViewController.xib in Resources */,
				38DE78631F5758D600F33AC7 /* Assets.xcassets in Resources */,
				3867E7A01F57622700B10B42 /* FavoriteItemViewCell.xib in Resources */,
				3867E7A41F57658600B10B42 /* CollectionItemViewCell.xib in Resources */,
			);
			runOnlyForDeploymentPostprocessing = 0;
		};
		38DE786A1F5758D600F33AC7 /* Resources */ = {
			isa = PBXResourcesBuildPhase;
			buildActionMask = 2147483647;
			files = (
			);
			runOnlyForDeploymentPostprocessing = 0;
		};
/* End PBXResourcesBuildPhase section */

/* Begin PBXShellScriptBuildPhase section */
		270574465A6440717DA8B4AD /* [CP] Embed Pods Frameworks */ = {
			isa = PBXShellScriptBuildPhase;
			buildActionMask = 2147483647;
			files = (
			);
			inputPaths = (
			);
			name = "[CP] Embed Pods Frameworks";
			outputPaths = (
			);
			runOnlyForDeploymentPostprocessing = 0;
			shellPath = /bin/sh;
			shellScript = "\"${SRCROOT}/Pods/Target Support Files/Pods-favorites-demo/Pods-favorites-demo-frameworks.sh\"\n";
			showEnvVarsInLog = 0;
		};
		6F0B69280E775D1AF43FE45E /* [CP] Check Pods Manifest.lock */ = {
			isa = PBXShellScriptBuildPhase;
			buildActionMask = 2147483647;
			files = (
			);
			inputPaths = (
			);
			name = "[CP] Check Pods Manifest.lock";
			outputPaths = (
			);
			runOnlyForDeploymentPostprocessing = 0;
			shellPath = /bin/sh;
			shellScript = "diff \"${PODS_PODFILE_DIR_PATH}/Podfile.lock\" \"${PODS_ROOT}/Manifest.lock\" > /dev/null\nif [ $? != 0 ] ; then\n    # print error to STDERR\n    echo \"error: The sandbox is not in sync with the Podfile.lock. Run 'pod install' or update your CocoaPods installation.\" >&2\n    exit 1\nfi\n";
			showEnvVarsInLog = 0;
		};
		73B5DBB69324AF2E3A28AB86 /* [CP] Check Pods Manifest.lock */ = {
			isa = PBXShellScriptBuildPhase;
			buildActionMask = 2147483647;
			files = (
			);
			inputPaths = (
			);
			name = "[CP] Check Pods Manifest.lock";
			outputPaths = (
			);
			runOnlyForDeploymentPostprocessing = 0;
			shellPath = /bin/sh;
			shellScript = "diff \"${PODS_PODFILE_DIR_PATH}/Podfile.lock\" \"${PODS_ROOT}/Manifest.lock\" > /dev/null\nif [ $? != 0 ] ; then\n    # print error to STDERR\n    echo \"error: The sandbox is not in sync with the Podfile.lock. Run 'pod install' or update your CocoaPods installation.\" >&2\n    exit 1\nfi\n";
			showEnvVarsInLog = 0;
		};
		93A1310D10A318FFB2E77F45 /* [CP] Embed Pods Frameworks */ = {
			isa = PBXShellScriptBuildPhase;
			buildActionMask = 2147483647;
			files = (
			);
			inputPaths = (
			);
			name = "[CP] Embed Pods Frameworks";
			outputPaths = (
			);
			runOnlyForDeploymentPostprocessing = 0;
			shellPath = /bin/sh;
			shellScript = "\"${SRCROOT}/Pods/Target Support Files/Pods-favorites-demoTests/Pods-favorites-demoTests-frameworks.sh\"\n";
			showEnvVarsInLog = 0;
		};
		953BFACD9FD923D506C374F6 /* [CP] Copy Pods Resources */ = {
			isa = PBXShellScriptBuildPhase;
			buildActionMask = 2147483647;
			files = (
			);
			inputPaths = (
			);
			name = "[CP] Copy Pods Resources";
			outputPaths = (
			);
			runOnlyForDeploymentPostprocessing = 0;
			shellPath = /bin/sh;
			shellScript = "\"${SRCROOT}/Pods/Target Support Files/Pods-favorites-demo/Pods-favorites-demo-resources.sh\"\n";
			showEnvVarsInLog = 0;
		};
		999F554B5713DED2DC93217E /* [CP] Copy Pods Resources */ = {
			isa = PBXShellScriptBuildPhase;
			buildActionMask = 2147483647;
			files = (
			);
			inputPaths = (
			);
			name = "[CP] Copy Pods Resources";
			outputPaths = (
			);
			runOnlyForDeploymentPostprocessing = 0;
			shellPath = /bin/sh;
			shellScript = "\"${SRCROOT}/Pods/Target Support Files/Pods-favorites-demoTests/Pods-favorites-demoTests-resources.sh\"\n";
			showEnvVarsInLog = 0;
		};
/* End PBXShellScriptBuildPhase section */

/* Begin PBXSourcesBuildPhase section */
		38DE78541F5758D600F33AC7 /* Sources */ = {
			isa = PBXSourcesBuildPhase;
			buildActionMask = 2147483647;
			files = (
				38DE787D1F57591000F33AC7 /* FavoritesViewController.swift in Sources */,
				524CFCFA1F590DBC00FA2586 /* FavoriteSectionsService.swift in Sources */,
				3867E7A31F57658600B10B42 /* CollectionItemViewCell.swift in Sources */,
				524CFCF61F58E48F00FA2586 /* FavoriteSection.swift in Sources */,
				3867E79F1F57622700B10B42 /* FavoriteItemViewCell.swift in Sources */,
				52FDF2BB1F5B70B90068335E /* SessionManager.swift in Sources */,
				52FDF2C31F5B91C40068335E /* FavoritesViewAdapter.swift in Sources */,
				38DE785C1F5758D600F33AC7 /* AppDelegate.swift in Sources */,
				52FDF2BF1F5B7AF90068335E /* SplashViewController.swift in Sources */,
			);
			runOnlyForDeploymentPostprocessing = 0;
		};
		38DE78681F5758D600F33AC7 /* Sources */ = {
			isa = PBXSourcesBuildPhase;
			buildActionMask = 2147483647;
			files = (
				38DE78711F5758D600F33AC7 /* favorites_demoTests.swift in Sources */,
			);
			runOnlyForDeploymentPostprocessing = 0;
		};
/* End PBXSourcesBuildPhase section */

/* Begin PBXTargetDependency section */
		38DE786E1F5758D600F33AC7 /* PBXTargetDependency */ = {
			isa = PBXTargetDependency;
			target = 38DE78571F5758D600F33AC7 /* favorites-demo */;
			targetProxy = 38DE786D1F5758D600F33AC7 /* PBXContainerItemProxy */;
		};
/* End PBXTargetDependency section */

/* Begin PBXVariantGroup section */
		38DE78641F5758D600F33AC7 /* LaunchScreen.storyboard */ = {
			isa = PBXVariantGroup;
			children = (
				38DE78651F5758D600F33AC7 /* Base */,
			);
			name = LaunchScreen.storyboard;
			sourceTree = "<group>";
		};
/* End PBXVariantGroup section */

/* Begin XCBuildConfiguration section */
		38DE78731F5758D600F33AC7 /* Debug */ = {
			isa = XCBuildConfiguration;
			buildSettings = {
				ALWAYS_SEARCH_USER_PATHS = NO;
				CLANG_ANALYZER_NONNULL = YES;
				CLANG_ANALYZER_NUMBER_OBJECT_CONVERSION = YES_AGGRESSIVE;
				CLANG_CXX_LANGUAGE_STANDARD = "gnu++0x";
				CLANG_CXX_LIBRARY = "libc++";
				CLANG_ENABLE_MODULES = YES;
				CLANG_ENABLE_OBJC_ARC = YES;
				CLANG_WARN_BOOL_CONVERSION = YES;
				CLANG_WARN_CONSTANT_CONVERSION = YES;
				CLANG_WARN_DIRECT_OBJC_ISA_USAGE = YES_ERROR;
				CLANG_WARN_DOCUMENTATION_COMMENTS = YES;
				CLANG_WARN_EMPTY_BODY = YES;
				CLANG_WARN_ENUM_CONVERSION = YES;
				CLANG_WARN_INFINITE_RECURSION = YES;
				CLANG_WARN_INT_CONVERSION = YES;
				CLANG_WARN_OBJC_ROOT_CLASS = YES_ERROR;
				CLANG_WARN_SUSPICIOUS_MOVE = YES;
				CLANG_WARN_UNREACHABLE_CODE = YES;
				CLANG_WARN__DUPLICATE_METHOD_MATCH = YES;
				"CODE_SIGN_IDENTITY[sdk=iphoneos*]" = "iPhone Developer";
				COPY_PHASE_STRIP = NO;
				DEBUG_INFORMATION_FORMAT = dwarf;
				ENABLE_STRICT_OBJC_MSGSEND = YES;
				ENABLE_TESTABILITY = YES;
				GCC_C_LANGUAGE_STANDARD = gnu99;
				GCC_DYNAMIC_NO_PIC = NO;
				GCC_NO_COMMON_BLOCKS = YES;
				GCC_OPTIMIZATION_LEVEL = 0;
				GCC_PREPROCESSOR_DEFINITIONS = (
					"DEBUG=1",
					"$(inherited)",
				);
				GCC_WARN_64_TO_32_BIT_CONVERSION = YES;
				GCC_WARN_ABOUT_RETURN_TYPE = YES_ERROR;
				GCC_WARN_UNDECLARED_SELECTOR = YES;
				GCC_WARN_UNINITIALIZED_AUTOS = YES_AGGRESSIVE;
				GCC_WARN_UNUSED_FUNCTION = YES;
				GCC_WARN_UNUSED_VARIABLE = YES;
				IPHONEOS_DEPLOYMENT_TARGET = 10.3;
				MTL_ENABLE_DEBUG_INFO = YES;
				ONLY_ACTIVE_ARCH = YES;
				SDKROOT = iphoneos;
				SWIFT_ACTIVE_COMPILATION_CONDITIONS = DEBUG;
				SWIFT_OPTIMIZATION_LEVEL = "-Onone";
			};
			name = Debug;
		};
		38DE78741F5758D600F33AC7 /* Release */ = {
			isa = XCBuildConfiguration;
			buildSettings = {
				ALWAYS_SEARCH_USER_PATHS = NO;
				CLANG_ANALYZER_NONNULL = YES;
				CLANG_ANALYZER_NUMBER_OBJECT_CONVERSION = YES_AGGRESSIVE;
				CLANG_CXX_LANGUAGE_STANDARD = "gnu++0x";
				CLANG_CXX_LIBRARY = "libc++";
				CLANG_ENABLE_MODULES = YES;
				CLANG_ENABLE_OBJC_ARC = YES;
				CLANG_WARN_BOOL_CONVERSION = YES;
				CLANG_WARN_CONSTANT_CONVERSION = YES;
				CLANG_WARN_DIRECT_OBJC_ISA_USAGE = YES_ERROR;
				CLANG_WARN_DOCUMENTATION_COMMENTS = YES;
				CLANG_WARN_EMPTY_BODY = YES;
				CLANG_WARN_ENUM_CONVERSION = YES;
				CLANG_WARN_INFINITE_RECURSION = YES;
				CLANG_WARN_INT_CONVERSION = YES;
				CLANG_WARN_OBJC_ROOT_CLASS = YES_ERROR;
				CLANG_WARN_SUSPICIOUS_MOVE = YES;
				CLANG_WARN_UNREACHABLE_CODE = YES;
				CLANG_WARN__DUPLICATE_METHOD_MATCH = YES;
				"CODE_SIGN_IDENTITY[sdk=iphoneos*]" = "iPhone Developer";
				COPY_PHASE_STRIP = NO;
				DEBUG_INFORMATION_FORMAT = "dwarf-with-dsym";
				ENABLE_NS_ASSERTIONS = NO;
				ENABLE_STRICT_OBJC_MSGSEND = YES;
				GCC_C_LANGUAGE_STANDARD = gnu99;
				GCC_NO_COMMON_BLOCKS = YES;
				GCC_WARN_64_TO_32_BIT_CONVERSION = YES;
				GCC_WARN_ABOUT_RETURN_TYPE = YES_ERROR;
				GCC_WARN_UNDECLARED_SELECTOR = YES;
				GCC_WARN_UNINITIALIZED_AUTOS = YES_AGGRESSIVE;
				GCC_WARN_UNUSED_FUNCTION = YES;
				GCC_WARN_UNUSED_VARIABLE = YES;
				IPHONEOS_DEPLOYMENT_TARGET = 10.3;
				MTL_ENABLE_DEBUG_INFO = NO;
				SDKROOT = iphoneos;
				SWIFT_OPTIMIZATION_LEVEL = "-Owholemodule";
				VALIDATE_PRODUCT = YES;
			};
			name = Release;
		};
		38DE78761F5758D600F33AC7 /* Debug */ = {
			isa = XCBuildConfiguration;
			baseConfigurationReference = 9C8ED84F426865C80B4493C1 /* Pods-favorites-demo.debug.xcconfig */;
			buildSettings = {
				ASSETCATALOG_COMPILER_APPICON_NAME = AppIcon;
				INFOPLIST_FILE = "favorites-demo/Info.plist";
				IPHONEOS_DEPLOYMENT_TARGET = 9.0;
				LD_RUNPATH_SEARCH_PATHS = "$(inherited) @executable_path/Frameworks";
				PRODUCT_BUNDLE_IDENTIFIER = "com.fx.favorites-demo";
				PRODUCT_NAME = "$(TARGET_NAME)";
				SWIFT_VERSION = 3.0;
			};
			name = Debug;
		};
		38DE78771F5758D600F33AC7 /* Release */ = {
			isa = XCBuildConfiguration;
			baseConfigurationReference = 826B80D60DD375AC6996D906 /* Pods-favorites-demo.release.xcconfig */;
			buildSettings = {
				ASSETCATALOG_COMPILER_APPICON_NAME = AppIcon;
				INFOPLIST_FILE = "favorites-demo/Info.plist";
				IPHONEOS_DEPLOYMENT_TARGET = 9.0;
				LD_RUNPATH_SEARCH_PATHS = "$(inherited) @executable_path/Frameworks";
				PRODUCT_BUNDLE_IDENTIFIER = "com.fx.favorites-demo";
				PRODUCT_NAME = "$(TARGET_NAME)";
				SWIFT_VERSION = 3.0;
			};
			name = Release;
		};
		38DE78791F5758D600F33AC7 /* Debug */ = {
			isa = XCBuildConfiguration;
			baseConfigurationReference = EE50C32FCA7684B31ABCFEE8 /* Pods-favorites-demoTests.debug.xcconfig */;
			buildSettings = {
				ALWAYS_EMBED_SWIFT_STANDARD_LIBRARIES = YES;
				BUNDLE_LOADER = "$(TEST_HOST)";
				INFOPLIST_FILE = "favorites-demoTests/Info.plist";
				LD_RUNPATH_SEARCH_PATHS = "$(inherited) @executable_path/Frameworks @loader_path/Frameworks";
				PRODUCT_BUNDLE_IDENTIFIER = "com.fx.favorites-demoTests";
				PRODUCT_NAME = "$(TARGET_NAME)";
				SWIFT_VERSION = 3.0;
				TEST_HOST = "$(BUILT_PRODUCTS_DIR)/favorites-demo.app/favorites-demo";
			};
			name = Debug;
		};
		38DE787A1F5758D600F33AC7 /* Release */ = {
			isa = XCBuildConfiguration;
			baseConfigurationReference = 1BF523246C0790B4528B7E67 /* Pods-favorites-demoTests.release.xcconfig */;
			buildSettings = {
				ALWAYS_EMBED_SWIFT_STANDARD_LIBRARIES = YES;
				BUNDLE_LOADER = "$(TEST_HOST)";
				INFOPLIST_FILE = "favorites-demoTests/Info.plist";
				LD_RUNPATH_SEARCH_PATHS = "$(inherited) @executable_path/Frameworks @loader_path/Frameworks";
				PRODUCT_BUNDLE_IDENTIFIER = "com.fx.favorites-demoTests";
				PRODUCT_NAME = "$(TARGET_NAME)";
				SWIFT_VERSION = 3.0;
				TEST_HOST = "$(BUILT_PRODUCTS_DIR)/favorites-demo.app/favorites-demo";
			};
			name = Release;
		};
/* End XCBuildConfiguration section */

/* Begin XCConfigurationList section */
		38DE78531F5758D600F33AC7 /* Build configuration list for PBXProject "favorites-demo" */ = {
			isa = XCConfigurationList;
			buildConfigurations = (
				38DE78731F5758D600F33AC7 /* Debug */,
				38DE78741F5758D600F33AC7 /* Release */,
			);
			defaultConfigurationIsVisible = 0;
			defaultConfigurationName = Release;
		};
		38DE78751F5758D600F33AC7 /* Build configuration list for PBXNativeTarget "favorites-demo" */ = {
			isa = XCConfigurationList;
			buildConfigurations = (
				38DE78761F5758D600F33AC7 /* Debug */,
				38DE78771F5758D600F33AC7 /* Release */,
			);
			defaultConfigurationIsVisible = 0;
			defaultConfigurationName = Release;
		};
		38DE78781F5758D600F33AC7 /* Build configuration list for PBXNativeTarget "favorites-demoTests" */ = {
			isa = XCConfigurationList;
			buildConfigurations = (
				38DE78791F5758D600F33AC7 /* Debug */,
				38DE787A1F5758D600F33AC7 /* Release */,
			);
			defaultConfigurationIsVisible = 0;
			defaultConfigurationName = Release;
		};
/* End XCConfigurationList section */
	};
	rootObject = 38DE78501F5758D600F33AC7 /* Project object */;
}
